{
  "name": "symbol-mobile-wallet",
  "version": "1.4.0",
  "lockfileVersion": 1,
  "requires": true,
  "dependencies": {
    "inherits": {
      "version": "2.0.4",
      "resolved": "https://registry.npmjs.org/inherits/-/inherits-2.0.4.tgz",
      "integrity": "sha512-k/vGaX4/Yla3WzyMCvTQOXYeIHvqOKtnqBduzTHpzpQZzAskKMhZ2K+EnBiSM9zGSoIFeMpXKxa4dYeZIQqewQ=="
    },
    "symbol-address-book": {
      "version": "file:../symbol-wallet-address-book/symbol-address-book-1.0.0.tgz",
      "integrity": "sha512-0hqhkOZQoFo6BzROFckSwia13qE/5zgsSfz+2yVxvvtviALFeCyqHaYt2XG/013e74+PJSGCExtO1v5oNfemmA==",
      "requires": {
        "typescript": "^3.7.4"
      },
      "dependencies": {
        "typescript": {
          "version": "3.9.7",
          "bundled": true
        }
      }
    }
  }
}
